// !$*UTF8*$!
{
	archiveVersion = 1;
	classes = {
	};
	objectVersion = 56;
	objects = {

/* Begin PBXBuildFile section */
		AF5AA63F2A2777D9001614EF /* LandmarksApp.swift in Sources */ = {isa = PBXBuildFile; fileRef = AF5AA63E2A2777D9001614EF /* LandmarksApp.swift */; };
		AF5AA6412A2777D9001614EF /* ContentView.swift in Sources */ = {isa = PBXBuildFile; fileRef = AF5AA6402A2777D9001614EF /* ContentView.swift */; };
		AF5AA6432A2777DA001614EF /* Assets.xcassets in Resources */ = {isa = PBXBuildFile; fileRef = AF5AA6422A2777DA001614EF /* Assets.xcassets */; };
		AF5AA6462A2777DA001614EF /* Preview Assets.xcassets in Resources */ = {isa = PBXBuildFile; fileRef = AF5AA6452A2777DA001614EF /* Preview Assets.xcassets */; };
		AF5AA6502A2777DA001614EF /* LandmarksTests.swift in Sources */ = {isa = PBXBuildFile; fileRef = AF5AA64F2A2777DA001614EF /* LandmarksTests.swift */; };
		AF5AA65A2A2777DA001614EF /* LandmarksUITests.swift in Sources */ = {isa = PBXBuildFile; fileRef = AF5AA6592A2777DA001614EF /* LandmarksUITests.swift */; };
		AF5AA65C2A2777DA001614EF /* LandmarksUITestsLaunchTests.swift in Sources */ = {isa = PBXBuildFile; fileRef = AF5AA65B2A2777DA001614EF /* LandmarksUITestsLaunchTests.swift */; };
		AF5AA6692A277C55001614EF /* CircleImage.swift in Sources */ = {isa = PBXBuildFile; fileRef = AF5AA6682A277C55001614EF /* CircleImage.swift */; };
		AF5AA66B2A277D00001614EF /* MapView.swift in Sources */ = {isa = PBXBuildFile; fileRef = AF5AA66A2A277D00001614EF /* MapView.swift */; };
		AF5AA66D2A278296001614EF /* landmarkData.json in Resources */ = {isa = PBXBuildFile; fileRef = AF5AA66C2A278296001614EF /* landmarkData.json */; };
		AF5AA66F2A2782B2001614EF /* Landmark.swift in Sources */ = {isa = PBXBuildFile; fileRef = AF5AA66E2A2782B2001614EF /* Landmark.swift */; };
		AF5AA6712A278444001614EF /* ModelData.swift in Sources */ = {isa = PBXBuildFile; fileRef = AF5AA6702A278444001614EF /* ModelData.swift */; };
		AF5AA6762A2786CA001614EF /* LandmarkRow.swift in Sources */ = {isa = PBXBuildFile; fileRef = AF5AA6752A2786CA001614EF /* LandmarkRow.swift */; };
		AF5AA6782A278947001614EF /* LandmarkList.swift in Sources */ = {isa = PBXBuildFile; fileRef = AF5AA6772A278947001614EF /* LandmarkList.swift */; };
		AF5AA67A2A278A3E001614EF /* LandmarkDetail.swift in Sources */ = {isa = PBXBuildFile; fileRef = AF5AA6792A278A3E001614EF /* LandmarkDetail.swift */; };
/* End PBXBuildFile section */

/* Begin PBXContainerItemProxy section */
		AF5AA64C2A2777DA001614EF /* PBXContainerItemProxy */ = {
			isa = PBXContainerItemProxy;
			containerPortal = AF5AA6332A2777D9001614EF /* Project object */;
			proxyType = 1;
			remoteGlobalIDString = AF5AA63A2A2777D9001614EF;
			remoteInfo = Landmarks;
		};
		AF5AA6562A2777DA001614EF /* PBXContainerItemProxy */ = {
			isa = PBXContainerItemProxy;
			containerPortal = AF5AA6332A2777D9001614EF /* Project object */;
			proxyType = 1;
			remoteGlobalIDString = AF5AA63A2A2777D9001614EF;
			remoteInfo = Landmarks;
		};
/* End PBXContainerItemProxy section */

/* Begin PBXFileReference section */
		AF5AA63B2A2777D9001614EF /* Landmarks.app */ = {isa = PBXFileReference; explicitFileType = wrapper.application; includeInIndex = 0; path = Landmarks.app; sourceTree = BUILT_PRODUCTS_DIR; };
		AF5AA63E2A2777D9001614EF /* LandmarksApp.swift */ = {isa = PBXFileReference; lastKnownFileType = sourcecode.swift; path = LandmarksApp.swift; sourceTree = "<group>"; };
		AF5AA6402A2777D9001614EF /* ContentView.swift */ = {isa = PBXFileReference; lastKnownFileType = sourcecode.swift; path = ContentView.swift; sourceTree = "<group>"; };
		AF5AA6422A2777DA001614EF /* Assets.xcassets */ = {isa = PBXFileReference; lastKnownFileType = folder.assetcatalog; path = Assets.xcassets; sourceTree = "<group>"; };
		AF5AA6452A2777DA001614EF /* Preview Assets.xcassets */ = {isa = PBXFileReference; lastKnownFileType = folder.assetcatalog; path = "Preview Assets.xcassets"; sourceTree = "<group>"; };
		AF5AA64B2A2777DA001614EF /* LandmarksTests.xctest */ = {isa = PBXFileReference; explicitFileType = wrapper.cfbundle; includeInIndex = 0; path = LandmarksTests.xctest; sourceTree = BUILT_PRODUCTS_DIR; };
		AF5AA64F2A2777DA001614EF /* LandmarksTests.swift */ = {isa = PBXFileReference; lastKnownFileType = sourcecode.swift; path = LandmarksTests.swift; sourceTree = "<group>"; };
		AF5AA6552A2777DA001614EF /* LandmarksUITests.xctest */ = {isa = PBXFileReference; explicitFileType = wrapper.cfbundle; includeInIndex = 0; path = LandmarksUITests.xctest; sourceTree = BUILT_PRODUCTS_DIR; };
		AF5AA6592A2777DA001614EF /* LandmarksUITests.swift */ = {isa = PBXFileReference; lastKnownFileType = sourcecode.swift; path = LandmarksUITests.swift; sourceTree = "<group>"; };
		AF5AA65B2A2777DA001614EF /* LandmarksUITestsLaunchTests.swift */ = {isa = PBXFileReference; lastKnownFileType = sourcecode.swift; path = LandmarksUITestsLaunchTests.swift; sourceTree = "<group>"; };
		AF5AA6682A277C55001614EF /* CircleImage.swift */ = {isa = PBXFileReference; lastKnownFileType = sourcecode.swift; path = CircleImage.swift; sourceTree = "<group>"; };
		AF5AA66A2A277D00001614EF /* MapView.swift */ = {isa = PBXFileReference; lastKnownFileType = sourcecode.swift; path = MapView.swift; sourceTree = "<group>"; };
		AF5AA66C2A278296001614EF /* landmarkData.json */ = {isa = PBXFileReference; fileEncoding = 4; lastKnownFileType = text.json; path = landmarkData.json; sourceTree = "<group>"; };
		AF5AA66E2A2782B2001614EF /* Landmark.swift */ = {isa = PBXFileReference; lastKnownFileType = sourcecode.swift; path = Landmark.swift; sourceTree = "<group>"; };
		AF5AA6702A278444001614EF /* ModelData.swift */ = {isa = PBXFileReference; lastKnownFileType = sourcecode.swift; path = ModelData.swift; sourceTree = "<group>"; };
		AF5AA6752A2786CA001614EF /* LandmarkRow.swift */ = {isa = PBXFileReference; lastKnownFileType = sourcecode.swift; path = LandmarkRow.swift; sourceTree = "<group>"; };
		AF5AA6772A278947001614EF /* LandmarkList.swift */ = {isa = PBXFileReference; lastKnownFileType = sourcecode.swift; path = LandmarkList.swift; sourceTree = "<group>"; };
		AF5AA6792A278A3E001614EF /* LandmarkDetail.swift */ = {isa = PBXFileReference; lastKnownFileType = sourcecode.swift; path = LandmarkDetail.swift; sourceTree = "<group>"; };
/* End PBXFileReference section */

/* Begin PBXFrameworksBuildPhase section */
		AF5AA6382A2777D9001614EF /* Frameworks */ = {
			isa = PBXFrameworksBuildPhase;
			buildActionMask = 2147483647;
			files = (
			);
			runOnlyForDeploymentPostprocessing = 0;
		};
		AF5AA6482A2777DA001614EF /* Frameworks */ = {
			isa = PBXFrameworksBuildPhase;
			buildActionMask = 2147483647;
			files = (
			);
			runOnlyForDeploymentPostprocessing = 0;
		};
		AF5AA6522A2777DA001614EF /* Frameworks */ = {
			isa = PBXFrameworksBuildPhase;
			buildActionMask = 2147483647;
			files = (
			);
			runOnlyForDeploymentPostprocessing = 0;
		};
/* End PBXFrameworksBuildPhase section */

/* Begin PBXGroup section */
		AF5AA6322A2777D9001614EF = {
			isa = PBXGroup;
			children = (
				AF5AA63D2A2777D9001614EF /* Landmarks */,
				AF5AA64E2A2777DA001614EF /* LandmarksTests */,
				AF5AA6582A2777DA001614EF /* LandmarksUITests */,
				AF5AA63C2A2777D9001614EF /* Products */,
			);
			sourceTree = "<group>";
		};
		AF5AA63C2A2777D9001614EF /* Products */ = {
			isa = PBXGroup;
			children = (
				AF5AA63B2A2777D9001614EF /* Landmarks.app */,
				AF5AA64B2A2777DA001614EF /* LandmarksTests.xctest */,
				AF5AA6552A2777DA001614EF /* LandmarksUITests.xctest */,
			);
			name = Products;
			sourceTree = "<group>";
		};
		AF5AA63D2A2777D9001614EF /* Landmarks */ = {
			isa = PBXGroup;
			children = (
				AF5AA6742A278673001614EF /* Resources */,
				AF5AA6732A278655001614EF /* Model */,
				AF5AA63E2A2777D9001614EF /* LandmarksApp.swift */,
				AF5AA6722A278638001614EF /* Views */,
				AF5AA6422A2777DA001614EF /* Assets.xcassets */,
				AF5AA6442A2777DA001614EF /* Preview Content */,
			);
			path = Landmarks;
			sourceTree = "<group>";
		};
		AF5AA6442A2777DA001614EF /* Preview Content */ = {
			isa = PBXGroup;
			children = (
				AF5AA6452A2777DA001614EF /* Preview Assets.xcassets */,
			);
			path = "Preview Content";
			sourceTree = "<group>";
		};
		AF5AA64E2A2777DA001614EF /* LandmarksTests */ = {
			isa = PBXGroup;
			children = (
				AF5AA64F2A2777DA001614EF /* LandmarksTests.swift */,
			);
			path = LandmarksTests;
			sourceTree = "<group>";
		};
		AF5AA6582A2777DA001614EF /* LandmarksUITests */ = {
			isa = PBXGroup;
			children = (
				AF5AA6592A2777DA001614EF /* LandmarksUITests.swift */,
				AF5AA65B2A2777DA001614EF /* LandmarksUITestsLaunchTests.swift */,
			);
			path = LandmarksUITests;
			sourceTree = "<group>";
		};
		AF5AA6722A278638001614EF /* Views */ = {
			isa = PBXGroup;
			children = (
				AF5AA66A2A277D00001614EF /* MapView.swift */,
				AF5AA6682A277C55001614EF /* CircleImage.swift */,
				AF5AA6402A2777D9001614EF /* ContentView.swift */,
				AF5AA6752A2786CA001614EF /* LandmarkRow.swift */,
				AF5AA6772A278947001614EF /* LandmarkList.swift */,
				AF5AA6792A278A3E001614EF /* LandmarkDetail.swift */,
			);
			path = Views;
			sourceTree = "<group>";
		};
		AF5AA6732A278655001614EF /* Model */ = {
			isa = PBXGroup;
			children = (
				AF5AA66E2A2782B2001614EF /* Landmark.swift */,
				AF5AA6702A278444001614EF /* ModelData.swift */,
			);
			path = Model;
			sourceTree = "<group>";
		};
		AF5AA6742A278673001614EF /* Resources */ = {
			isa = PBXGroup;
			children = (
				AF5AA66C2A278296001614EF /* landmarkData.json */,
			);
			path = Resources;
			sourceTree = "<group>";
		};
/* End PBXGroup section */

/* Begin PBXNativeTarget section */
		AF5AA63A2A2777D9001614EF /* Landmarks */ = {
			isa = PBXNativeTarget;
			buildConfigurationList = AF5AA65F2A2777DA001614EF /* Build configuration list for PBXNativeTarget "Landmarks" */;
			buildPhases = (
				AF5AA6372A2777D9001614EF /* Sources */,
				AF5AA6382A2777D9001614EF /* Frameworks */,
				AF5AA6392A2777D9001614EF /* Resources */,
			);
			buildRules = (
			);
			dependencies = (
			);
			name = Landmarks;
			productName = Landmarks;
			productReference = AF5AA63B2A2777D9001614EF /* Landmarks.app */;
			productType = "com.apple.product-type.application";
		};
		AF5AA64A2A2777DA001614EF /* LandmarksTests */ = {
			isa = PBXNativeTarget;
			buildConfigurationList = AF5AA6622A2777DA001614EF /* Build configuration list for PBXNativeTarget "LandmarksTests" */;
			buildPhases = (
				AF5AA6472A2777DA001614EF /* Sources */,
				AF5AA6482A2777DA001614EF /* Frameworks */,
				AF5AA6492A2777DA001614EF /* Resources */,
			);
			buildRules = (
			);
			dependencies = (
				AF5AA64D2A2777DA001614EF /* PBXTargetDependency */,
			);
			name = LandmarksTests;
			productName = LandmarksTests;
			productReference = AF5AA64B2A2777DA001614EF /* LandmarksTests.xctest */;
			productType = "com.apple.product-type.bundle.unit-test";
		};
		AF5AA6542A2777DA001614EF /* LandmarksUITests */ = {
			isa = PBXNativeTarget;
			buildConfigurationList = AF5AA6652A2777DA001614EF /* Build configuration list for PBXNativeTarget "LandmarksUITests" */;
			buildPhases = (
				AF5AA6512A2777DA001614EF /* Sources */,
				AF5AA6522A2777DA001614EF /* Frameworks */,
				AF5AA6532A2777DA001614EF /* Resources */,
			);
			buildRules = (
			);
			dependencies = (
				AF5AA6572A2777DA001614EF /* PBXTargetDependency */,
			);
			name = LandmarksUITests;
			productName = LandmarksUITests;
			productReference = AF5AA6552A2777DA001614EF /* LandmarksUITests.xctest */;
			productType = "com.apple.product-type.bundle.ui-testing";
		};
/* End PBXNativeTarget section */

/* Begin PBXProject section */
		AF5AA6332A2777D9001614EF /* Project object */ = {
			isa = PBXProject;
			attributes = {
				BuildIndependentTargetsInParallel = 1;
				LastSwiftUpdateCheck = 1430;
				LastUpgradeCheck = 1430;
				TargetAttributes = {
					AF5AA63A2A2777D9001614EF = {
						CreatedOnToolsVersion = 14.3;
					};
					AF5AA64A2A2777DA001614EF = {
						CreatedOnToolsVersion = 14.3;
						TestTargetID = AF5AA63A2A2777D9001614EF;
					};
					AF5AA6542A2777DA001614EF = {
						CreatedOnToolsVersion = 14.3;
						TestTargetID = AF5AA63A2A2777D9001614EF;
					};
				};
			};
			buildConfigurationList = AF5AA6362A2777D9001614EF /* Build configuration list for PBXProject "Landmarks" */;
			compatibilityVersion = "Xcode 14.0";
			developmentRegion = en;
			hasScannedForEncodings = 0;
			knownRegions = (
				en,
				Base,
			);
			mainGroup = AF5AA6322A2777D9001614EF;
			productRefGroup = AF5AA63C2A2777D9001614EF /* Products */;
			projectDirPath = "";
			projectRoot = "";
			targets = (
				AF5AA63A2A2777D9001614EF /* Landmarks */,
				AF5AA64A2A2777DA001614EF /* LandmarksTests */,
				AF5AA6542A2777DA001614EF /* LandmarksUITests */,
			);
		};
/* End PBXProject section */

/* Begin PBXResourcesBuildPhase section */
		AF5AA6392A2777D9001614EF /* Resources */ = {
			isa = PBXResourcesBuildPhase;
			buildActionMask = 2147483647;
			files = (
				AF5AA6462A2777DA001614EF /* Preview Assets.xcassets in Resources */,
				AF5AA6432A2777DA001614EF /* Assets.xcassets in Resources */,
				AF5AA66D2A278296001614EF /* landmarkData.json in Resources */,
			);
			runOnlyForDeploymentPostprocessing = 0;
		};
		AF5AA6492A2777DA001614EF /* Resources */ = {
			isa = PBXResourcesBuildPhase;
			buildActionMask = 2147483647;
			files = (
			);
			runOnlyForDeploymentPostprocessing = 0;
		};
		AF5AA6532A2777DA001614EF /* Resources */ = {
			isa = PBXResourcesBuildPhase;
			buildActionMask = 2147483647;
			files = (
			);
			runOnlyForDeploymentPostprocessing = 0;
		};
/* End PBXResourcesBuildPhase section */

/* Begin PBXSourcesBuildPhase section */
		AF5AA6372A2777D9001614EF /* Sources */ = {
			isa = PBXSourcesBuildPhase;
			buildActionMask = 2147483647;
			files = (
				AF5AA6412A2777D9001614EF /* ContentView.swift in Sources */,
				AF5AA66B2A277D00001614EF /* MapView.swift in Sources */,
				AF5AA63F2A2777D9001614EF /* LandmarksApp.swift in Sources */,
				AF5AA6782A278947001614EF /* LandmarkList.swift in Sources */,
				AF5AA67A2A278A3E001614EF /* LandmarkDetail.swift in Sources */,
				AF5AA6692A277C55001614EF /* CircleImage.swift in Sources */,
				AF5AA66F2A2782B2001614EF /* Landmark.swift in Sources */,
				AF5AA6762A2786CA001614EF /* LandmarkRow.swift in Sources */,
				AF5AA6712A278444001614EF /* ModelData.swift in Sources */,
			);
			runOnlyForDeploymentPostprocessing = 0;
		};
		AF5AA6472A2777DA001614EF /* Sources */ = {
			isa = PBXSourcesBuildPhase;
			buildActionMask = 2147483647;
			files = (
				AF5AA6502A2777DA001614EF /* LandmarksTests.swift in Sources */,
			);
			runOnlyForDeploymentPostprocessing = 0;
		};
		AF5AA6512A2777DA001614EF /* Sources */ = {
			isa = PBXSourcesBuildPhase;
			buildActionMask = 2147483647;
			files = (
				AF5AA65C2A2777DA001614EF /* LandmarksUITestsLaunchTests.swift in Sources */,
				AF5AA65A2A2777DA001614EF /* LandmarksUITests.swift in Sources */,
			);
			runOnlyForDeploymentPostprocessing = 0;
		};
/* End PBXSourcesBuildPhase section */

/* Begin PBXTargetDependency section */
		AF5AA64D2A2777DA001614EF /* PBXTargetDependency */ = {
			isa = PBXTargetDependency;
			target = AF5AA63A2A2777D9001614EF /* Landmarks */;
			targetProxy = AF5AA64C2A2777DA001614EF /* PBXContainerItemProxy */;
		};
		AF5AA6572A2777DA001614EF /* PBXTargetDependency */ = {
			isa = PBXTargetDependency;
			target = AF5AA63A2A2777D9001614EF /* Landmarks */;
			targetProxy = AF5AA6562A2777DA001614EF /* PBXContainerItemProxy */;
		};
/* End PBXTargetDependency section */

/* Begin XCBuildConfiguration section */
		AF5AA65D2A2777DA001614EF /* Debug */ = {
			isa = XCBuildConfiguration;
			buildSettings = {
				ALWAYS_SEARCH_USER_PATHS = NO;
				CLANG_ANALYZER_NONNULL = YES;
				CLANG_ANALYZER_NUMBER_OBJECT_CONVERSION = YES_AGGRESSIVE;
				CLANG_CXX_LANGUAGE_STANDARD = "gnu++20";
				CLANG_ENABLE_MODULES = YES;
				CLANG_ENABLE_OBJC_ARC = YES;
				CLANG_ENABLE_OBJC_WEAK = YES;
				CLANG_WARN_BLOCK_CAPTURE_AUTORELEASING = YES;
				CLANG_WARN_BOOL_CONVERSION = YES;
				CLANG_WARN_COMMA = YES;
				CLANG_WARN_CONSTANT_CONVERSION = YES;
				CLANG_WARN_DEPRECATED_OBJC_IMPLEMENTATIONS = YES;
				CLANG_WARN_DIRECT_OBJC_ISA_USAGE = YES_ERROR;
				CLANG_WARN_DOCUMENTATION_COMMENTS = YES;
				CLANG_WARN_EMPTY_BODY = YES;
				CLANG_WARN_ENUM_CONVERSION = YES;
				CLANG_WARN_INFINITE_RECURSION = YES;
				CLANG_WARN_INT_CONVERSION = YES;
				CLANG_WARN_NON_LITERAL_NULL_CONVERSION = YES;
				CLANG_WARN_OBJC_IMPLICIT_RETAIN_SELF = YES;
				CLANG_WARN_OBJC_LITERAL_CONVERSION = YES;
				CLANG_WARN_OBJC_ROOT_CLASS = YES_ERROR;
				CLANG_WARN_QUOTED_INCLUDE_IN_FRAMEWORK_HEADER = YES;
				CLANG_WARN_RANGE_LOOP_ANALYSIS = YES;
				CLANG_WARN_STRICT_PROTOTYPES = YES;
				CLANG_WARN_SUSPICIOUS_MOVE = YES;
				CLANG_WARN_UNGUARDED_AVAILABILITY = YES_AGGRESSIVE;
				CLANG_WARN_UNREACHABLE_CODE = YES;
				CLANG_WARN__DUPLICATE_METHOD_MATCH = YES;
				COPY_PHASE_STRIP = NO;
				DEBUG_INFORMATION_FORMAT = dwarf;
				ENABLE_STRICT_OBJC_MSGSEND = YES;
				ENABLE_TESTABILITY = YES;
				GCC_C_LANGUAGE_STANDARD = gnu11;
				GCC_DYNAMIC_NO_PIC = NO;
				GCC_NO_COMMON_BLOCKS = YES;
				GCC_OPTIMIZATION_LEVEL = 0;
				GCC_PREPROCESSOR_DEFINITIONS = (
					"DEBUG=1",
					"$(inherited)",
				);
				GCC_WARN_64_TO_32_BIT_CONVERSION = YES;
				GCC_WARN_ABOUT_RETURN_TYPE = YES_ERROR;
				GCC_WARN_UNDECLARED_SELECTOR = YES;
				GCC_WARN_UNINITIALIZED_AUTOS = YES_AGGRESSIVE;
				GCC_WARN_UNUSED_FUNCTION = YES;
				GCC_WARN_UNUSED_VARIABLE = YES;
				IPHONEOS_DEPLOYMENT_TARGET = 16.4;
				MTL_ENABLE_DEBUG_INFO = INCLUDE_SOURCE;
				MTL_FAST_MATH = YES;
				ONLY_ACTIVE_ARCH = YES;
				SDKROOT = iphoneos;
				SWIFT_ACTIVE_COMPILATION_CONDITIONS = DEBUG;
				SWIFT_OPTIMIZATION_LEVEL = "-Onone";
			};
			name = Debug;
		};
		AF5AA65E2A2777DA001614EF /* Release */ = {
			isa = XCBuildConfiguration;
			buildSettings = {
				ALWAYS_SEARCH_USER_PATHS = NO;
				CLANG_ANALYZER_NONNULL = YES;
				CLANG_ANALYZER_NUMBER_OBJECT_CONVERSION = YES_AGGRESSIVE;
				CLANG_CXX_LANGUAGE_STANDARD = "gnu++20";
				CLANG_ENABLE_MODULES = YES;
				CLANG_ENABLE_OBJC_ARC = YES;
				CLANG_ENABLE_OBJC_WEAK = YES;
				CLANG_WARN_BLOCK_CAPTURE_AUTORELEASING = YES;
				CLANG_WARN_BOOL_CONVERSION = YES;
				CLANG_WARN_COMMA = YES;
				CLANG_WARN_CONSTANT_CONVERSION = YES;
				CLANG_WARN_DEPRECATED_OBJC_IMPLEMENTATIONS = YES;
				CLANG_WARN_DIRECT_OBJC_ISA_USAGE = YES_ERROR;
				CLANG_WARN_DOCUMENTATION_COMMENTS = YES;
				CLANG_WARN_EMPTY_BODY = YES;
				CLANG_WARN_ENUM_CONVERSION = YES;
				CLANG_WARN_INFINITE_RECURSION = YES;
				CLANG_WARN_INT_CONVERSION = YES;
				CLANG_WARN_NON_LITERAL_NULL_CONVERSION = YES;
				CLANG_WARN_OBJC_IMPLICIT_RETAIN_SELF = YES;
				CLANG_WARN_OBJC_LITERAL_CONVERSION = YES;
				CLANG_WARN_OBJC_ROOT_CLASS = YES_ERROR;
				CLANG_WARN_QUOTED_INCLUDE_IN_FRAMEWORK_HEADER = YES;
				CLANG_WARN_RANGE_LOOP_ANALYSIS = YES;
				CLANG_WARN_STRICT_PROTOTYPES = YES;
				CLANG_WARN_SUSPICIOUS_MOVE = YES;
				CLANG_WARN_UNGUARDED_AVAILABILITY = YES_AGGRESSIVE;
				CLANG_WARN_UNREACHABLE_CODE = YES;
				CLANG_WARN__DUPLICATE_METHOD_MATCH = YES;
				COPY_PHASE_STRIP = NO;
				DEBUG_INFORMATION_FORMAT = "dwarf-with-dsym";
				ENABLE_NS_ASSERTIONS = NO;
				ENABLE_STRICT_OBJC_MSGSEND = YES;
				GCC_C_LANGUAGE_STANDARD = gnu11;
				GCC_NO_COMMON_BLOCKS = YES;
				GCC_WARN_64_TO_32_BIT_CONVERSION = YES;
				GCC_WARN_ABOUT_RETURN_TYPE = YES_ERROR;
				GCC_WARN_UNDECLARED_SELECTOR = YES;
				GCC_WARN_UNINITIALIZED_AUTOS = YES_AGGRESSIVE;
				GCC_WARN_UNUSED_FUNCTION = YES;
				GCC_WARN_UNUSED_VARIABLE = YES;
				IPHONEOS_DEPLOYMENT_TARGET = 16.4;
				MTL_ENABLE_DEBUG_INFO = NO;
				MTL_FAST_MATH = YES;
				SDKROOT = iphoneos;
				SWIFT_COMPILATION_MODE = wholemodule;
				SWIFT_OPTIMIZATION_LEVEL = "-O";
				VALIDATE_PRODUCT = YES;
			};
			name = Release;
		};
		AF5AA6602A2777DA001614EF /* Debug */ = {
			isa = XCBuildConfiguration;
			buildSettings = {
				ASSETCATALOG_COMPILER_APPICON_NAME = AppIcon;
				ASSETCATALOG_COMPILER_GLOBAL_ACCENT_COLOR_NAME = AccentColor;
				CODE_SIGN_STYLE = Automatic;
				CURRENT_PROJECT_VERSION = 1;
				DEVELOPMENT_ASSET_PATHS = "\"Landmarks/Preview Content\"";
				ENABLE_PREVIEWS = YES;
				GENERATE_INFOPLIST_FILE = YES;
				INFOPLIST_KEY_UIApplicationSceneManifest_Generation = YES;
				INFOPLIST_KEY_UIApplicationSupportsIndirectInputEvents = YES;
				INFOPLIST_KEY_UILaunchScreen_Generation = YES;
				INFOPLIST_KEY_UISupportedInterfaceOrientations_iPad = "UIInterfaceOrientationPortrait UIInterfaceOrientationPortraitUpsideDown UIInterfaceOrientationLandscapeLeft UIInterfaceOrientationLandscapeRight";
				INFOPLIST_KEY_UISupportedInterfaceOrientations_iPhone = "UIInterfaceOrientationPortrait UIInterfaceOrientationLandscapeLeft UIInterfaceOrientationLandscapeRight";
				LD_RUNPATH_SEARCH_PATHS = (
					"$(inherited)",
					"@executable_path/Frameworks",
				);
				MARKETING_VERSION = 1.0;
				PRODUCT_BUNDLE_IDENTIFIER = "com.example.apple-samplecode.Landmarks";
				PRODUCT_NAME = "$(TARGET_NAME)";
				SWIFT_EMIT_LOC_STRINGS = YES;
				SWIFT_VERSION = 5.0;
				TARGETED_DEVICE_FAMILY = "1,2";
			};
			name = Debug;
		};
		AF5AA6612A2777DA001614EF /* Release */ = {
			isa = XCBuildConfiguration;
			buildSettings = {
				ASSETCATALOG_COMPILER_APPICON_NAME = AppIcon;
				ASSETCATALOG_COMPILER_GLOBAL_ACCENT_COLOR_NAME = AccentColor;
				CODE_SIGN_STYLE = Automatic;
				CURRENT_PROJECT_VERSION = 1;
				DEVELOPMENT_ASSET_PATHS = "\"Landmarks/Preview Content\"";
				ENABLE_PREVIEWS = YES;
				GENERATE_INFOPLIST_FILE = YES;
				INFOPLIST_KEY_UIApplicationSceneManifest_Generation = YES;
				INFOPLIST_KEY_UIApplicationSupportsIndirectInputEvents = YES;
				INFOPLIST_KEY_UILaunchScreen_Generation = YES;
				INFOPLIST_KEY_UISupportedInterfaceOrientations_iPad = "UIInterfaceOrientationPortrait UIInterfaceOrientationPortraitUpsideDown UIInterfaceOrientationLandscapeLeft UIInterfaceOrientationLandscapeRight";
				INFOPLIST_KEY_UISupportedInterfaceOrientations_iPhone = "UIInterfaceOrientationPortrait UIInterfaceOrientationLandscapeLeft UIInterfaceOrientationLandscapeRight";
				LD_RUNPATH_SEARCH_PATHS = (
					"$(inherited)",
					"@executable_path/Frameworks",
				);
				MARKETING_VERSION = 1.0;
				PRODUCT_BUNDLE_IDENTIFIER = "com.example.apple-samplecode.Landmarks";
				PRODUCT_NAME = "$(TARGET_NAME)";
				SWIFT_EMIT_LOC_STRINGS = YES;
				SWIFT_VERSION = 5.0;
				TARGETED_DEVICE_FAMILY = "1,2";
			};
			name = Release;
		};
		AF5AA6632A2777DA001614EF /* Debug */ = {
			isa = XCBuildConfiguration;
			buildSettings = {
				ALWAYS_EMBED_SWIFT_STANDARD_LIBRARIES = YES;
				BUNDLE_LOADER = "$(TEST_HOST)";
				CODE_SIGN_STYLE = Automatic;
				CURRENT_PROJECT_VERSION = 1;
				GENERATE_INFOPLIST_FILE = YES;
				IPHONEOS_DEPLOYMENT_TARGET = 16.4;
				MARKETING_VERSION = 1.0;
				PRODUCT_BUNDLE_IDENTIFIER = "com.example.apple-samplecode.LandmarksTests";
				PRODUCT_NAME = "$(TARGET_NAME)";
				SWIFT_EMIT_LOC_STRINGS = NO;
				SWIFT_VERSION = 5.0;
				TARGETED_DEVICE_FAMILY = "1,2";
				TEST_HOST = "$(BUILT_PRODUCTS_DIR)/Landmarks.app/$(BUNDLE_EXECUTABLE_FOLDER_PATH)/Landmarks";
			};
			name = Debug;
		};
		AF5AA6642A2777DA001614EF /* Release */ = {
			isa = XCBuildConfiguration;
			buildSettings = {
				ALWAYS_EMBED_SWIFT_STANDARD_LIBRARIES = YES;
				BUNDLE_LOADER = "$(TEST_HOST)";
				CODE_SIGN_STYLE = Automatic;
				CURRENT_PROJECT_VERSION = 1;
				GENERATE_INFOPLIST_FILE = YES;
				IPHONEOS_DEPLOYMENT_TARGET = 16.4;
				MARKETING_VERSION = 1.0;
				PRODUCT_BUNDLE_IDENTIFIER = "com.example.apple-samplecode.LandmarksTests";
				PRODUCT_NAME = "$(TARGET_NAME)";
				SWIFT_EMIT_LOC_STRINGS = NO;
				SWIFT_VERSION = 5.0;
				TARGETED_DEVICE_FAMILY = "1,2";
				TEST_HOST = "$(BUILT_PRODUCTS_DIR)/Landmarks.app/$(BUNDLE_EXECUTABLE_FOLDER_PATH)/Landmarks";
			};
			name = Release;
		};
		AF5AA6662A2777DA001614EF /* Debug */ = {
			isa = XCBuildConfiguration;
			buildSettings = {
				ALWAYS_EMBED_SWIFT_STANDARD_LIBRARIES = YES;
				CODE_SIGN_STYLE = Automatic;
				CURRENT_PROJECT_VERSION = 1;
				GENERATE_INFOPLIST_FILE = YES;
				MARKETING_VERSION = 1.0;
				PRODUCT_BUNDLE_IDENTIFIER = "com.example.apple-samplecode.LandmarksUITests";
				PRODUCT_NAME = "$(TARGET_NAME)";
				SWIFT_EMIT_LOC_STRINGS = NO;
				SWIFT_VERSION = 5.0;
				TARGETED_DEVICE_FAMILY = "1,2";
				TEST_TARGET_NAME = Landmarks;
			};
			name = Debug;
		};
		AF5AA6672A2777DA001614EF /* Release */ = {
			isa = XCBuildConfiguration;
			buildSettings = {
				ALWAYS_EMBED_SWIFT_STANDARD_LIBRARIES = YES;
				CODE_SIGN_STYLE = Automatic;
				CURRENT_PROJECT_VERSION = 1;
				GENERATE_INFOPLIST_FILE = YES;
				MARKETING_VERSION = 1.0;
				PRODUCT_BUNDLE_IDENTIFIER = "com.example.apple-samplecode.LandmarksUITests";
				PRODUCT_NAME = "$(TARGET_NAME)";
				SWIFT_EMIT_LOC_STRINGS = NO;
				SWIFT_VERSION = 5.0;
				TARGETED_DEVICE_FAMILY = "1,2";
				TEST_TARGET_NAME = Landmarks;
			};
			name = Release;
		};
/* End XCBuildConfiguration section */

/* Begin XCConfigurationList section */
		AF5AA6362A2777D9001614EF /* Build configuration list for PBXProject "Landmarks" */ = {
			isa = XCConfigurationList;
			buildConfigurations = (
				AF5AA65D2A2777DA001614EF /* Debug */,
				AF5AA65E2A2777DA001614EF /* Release */,
			);
			defaultConfigurationIsVisible = 0;
			defaultConfigurationName = Release;
		};
		AF5AA65F2A2777DA001614EF /* Build configuration list for PBXNativeTarget "Landmarks" */ = {
			isa = XCConfigurationList;
			buildConfigurations = (
				AF5AA6602A2777DA001614EF /* Debug */,
				AF5AA6612A2777DA001614EF /* Release */,
			);
			defaultConfigurationIsVisible = 0;
			defaultConfigurationName = Release;
		};
		AF5AA6622A2777DA001614EF /* Build configuration list for PBXNativeTarget "LandmarksTests" */ = {
			isa = XCConfigurationList;
			buildConfigurations = (
				AF5AA6632A2777DA001614EF /* Debug */,
				AF5AA6642A2777DA001614EF /* Release */,
			);
			defaultConfigurationIsVisible = 0;
			defaultConfigurationName = Release;
		};
		AF5AA6652A2777DA001614EF /* Build configuration list for PBXNativeTarget "LandmarksUITests" */ = {
			isa = XCConfigurationList;
			buildConfigurations = (
				AF5AA6662A2777DA001614EF /* Debug */,
				AF5AA6672A2777DA001614EF /* Release */,
			);
			defaultConfigurationIsVisible = 0;
			defaultConfigurationName = Release;
		};
/* End XCConfigurationList section */
	};
	rootObject = AF5AA6332A2777D9001614EF /* Project object */;
}
